
Microsoft Visual Studio Solution File, Format Version 12.00
# Visual Studio 14
VisualStudioVersion = 14.0.25420.1
MinimumVisualStudioVersion = 10.0.40219.1
Project("{FAE04EC0-301F-11D3-BF4B-00C04F79EFBC}") = "DSCSPlayer", "DSCSPlayer\DSCSPlayer.csproj", "{A360057E-4DAA-4DC3-BFBC-DBECF1176CCD}"
EndProject
Project("{8BC9CEB8-8B4A-11D0-8D11-00A0C91BC942}") = "DSC2CSLib", "DSC2CSLib\DSC2CSLib.vcxproj", "{2FE986C2-A5DA-46D2-81B1-360B71598A42}"
EndProject
Project("{8BC9CEB8-8B4A-11D0-8D11-00A0C91BC942}") = "BaseClasses", "baseclasses\BaseClasses.vcxproj", "{E8A3F6FA-AE1C-4C8E-A0B6-9C8480324EAA}"
EndProject
Project("{FAE04EC0-301F-11D3-BF4B-00C04F79EFBC}") = "DSCSLib", "DSCSLib\DSCSLib.csproj", "{31C5D980-7EDF-4365-997D-F83B937343DA}"
EndProject
Global
	GlobalSection(SolutionConfigurationPlatforms) = preSolution
		Debug_MBCS|Any CPU = Debug_MBCS|Any CPU
		Debug_MBCS|x64 = Debug_MBCS|x64
		Debug_MBCS|x86 = Debug_MBCS|x86
		Debug|Any CPU = Debug|Any CPU
		Debug|x64 = Debug|x64
		Debug|x86 = Debug|x86
		Release_MBCS|Any CPU = Release_MBCS|Any CPU
		Release_MBCS|x64 = Release_MBCS|x64
		Release_MBCS|x86 = Release_MBCS|x86
		Release|Any CPU = Release|Any CPU
		Release|x64 = Release|x64
		Release|x86 = Release|x86
	EndGlobalSection
	GlobalSection(ProjectConfigurationPlatforms) = postSolution
		{A360057E-4DAA-4DC3-BFBC-DBECF1176CCD}.Debug_MBCS|Any CPU.ActiveCfg = Debug|Any CPU
		{A360057E-4DAA-4DC3-BFBC-DBECF1176CCD}.Debug_MBCS|Any CPU.Build.0 = Debug|Any CPU
		{A360057E-4DAA-4DC3-BFBC-DBECF1176CCD}.Debug_MBCS|x64.ActiveCfg = Debug|Any CPU
		{A360057E-4DAA-4DC3-BFBC-DBECF1176CCD}.Debug_MBCS|x64.Build.0 = Debug|Any CPU
		{A360057E-4DAA-4DC3-BFBC-DBECF1176CCD}.Debug_MBCS|x86.ActiveCfg = Debug|Any CPU
		{A360057E-4DAA-4DC3-BFBC-DBECF1176CCD}.Debug_MBCS|x86.Build.0 = Debug|Any CPU
		{A360057E-4DAA-4DC3-BFBC-DBECF1176CCD}.Debug|Any CPU.ActiveCfg = Debug|Any CPU
		{A360057E-4DAA-4DC3-BFBC-DBECF1176CCD}.Debug|Any CPU.Build.0 = Debug|Any CPU
		{A360057E-4DAA-4DC3-BFBC-DBECF1176CCD}.Debug|x64.ActiveCfg = Debug|Any CPU
		{A360057E-4DAA-4DC3-BFBC-DBECF1176CCD}.Debug|x64.Build.0 = Debug|Any CPU
		{A360057E-4DAA-4DC3-BFBC-DBECF1176CCD}.Debug|x86.ActiveCfg = Debug|Any CPU
		{A360057E-4DAA-4DC3-BFBC-DBECF1176CCD}.Debug|x86.Build.0 = Debug|Any CPU
		{A360057E-4DAA-4DC3-BFBC-DBECF1176CCD}.Release_MBCS|Any CPU.ActiveCfg = Release|Any CPU
		{A360057E-4DAA-4DC3-BFBC-DBECF1176CCD}.Release_MBCS|Any CPU.Build.0 = Release|Any CPU
		{A360057E-4DAA-4DC3-BFBC-DBECF1176CCD}.Release_MBCS|x64.ActiveCfg = Release|Any CPU
		{A360057E-4DAA-4DC3-BFBC-DBECF1176CCD}.Release_MBCS|x64.Build.0 = Release|Any CPU
		{A360057E-4DAA-4DC3-BFBC-DBECF1176CCD}.Release_MBCS|x86.ActiveCfg = Release|Any CPU
		{A360057E-4DAA-4DC3-BFBC-DBECF1176CCD}.Release_MBCS|x86.Build.0 = Release|Any CPU
		{A360057E-4DAA-4DC3-BFBC-DBECF1176CCD}.Release|Any CPU.ActiveCfg = Release|Any CPU
		{A360057E-4DAA-4DC3-BFBC-DBECF1176CCD}.Release|Any CPU.Build.0 = Release|Any CPU
		{A360057E-4DAA-4DC3-BFBC-DBECF1176CCD}.Release|x64.ActiveCfg = Release|Any CPU
		{A360057E-4DAA-4DC3-BFBC-DBECF1176CCD}.Release|x64.Build.0 = Release|Any CPU
		{A360057E-4DAA-4DC3-BFBC-DBECF1176CCD}.Release|x86.ActiveCfg = Release|Any CPU
		{A360057E-4DAA-4DC3-BFBC-DBECF1176CCD}.Release|x86.Build.0 = Release|Any CPU
		{2FE986C2-A5DA-46D2-81B1-360B71598A42}.Debug_MBCS|Any CPU.ActiveCfg = Release|x64
		{2FE986C2-A5DA-46D2-81B1-360B71598A42}.Debug_MBCS|Any CPU.Build.0 = Release|x64
		{2FE986C2-A5DA-46D2-81B1-360B71598A42}.Debug_MBCS|x64.ActiveCfg = Debug|x64
		{2FE986C2-A5DA-46D2-81B1-360B71598A42}.Debug_MBCS|x64.Build.0 = Debug|x64
		{2FE986C2-A5DA-46D2-81B1-360B71598A42}.Debug_MBCS|x86.ActiveCfg = Debug|Win32
		{2FE986C2-A5DA-46D2-81B1-360B71598A42}.Debug_MBCS|x86.Build.0 = Debug|Win32
		{2FE986C2-A5DA-46D2-81B1-360B71598A42}.Debug|Any CPU.ActiveCfg = Debug|Win32
		{2FE986C2-A5DA-46D2-81B1-360B71598A42}.Debug|x64.ActiveCfg = Debug|x64
		{2FE986C2-A5DA-46D2-81B1-360B71598A42}.Debug|x64.Build.0 = Debug|x64
		{2FE986C2-A5DA-46D2-81B1-360B71598A42}.Debug|x86.ActiveCfg = Debug|Win32
		{2FE986C2-A5DA-46D2-81B1-360B71598A42}.Debug|x86.Build.0 = Debug|Win32
		{2FE986C2-A5DA-46D2-81B1-360B71598A42}.Release_MBCS|Any CPU.ActiveCfg = Release|x64
		{2FE986C2-A5DA-46D2-81B1-360B71598A42}.Release_MBCS|Any CPU.Build.0 = Release|x64
		{2FE986C2-A5DA-46D2-81B1-360B71598A42}.Release_MBCS|x64.ActiveCfg = Release|x64
		{2FE986C2-A5DA-46D2-81B1-360B71598A42}.Release_MBCS|x64.Build.0 = Release|x64
		{2FE986C2-A5DA-46D2-81B1-360B71598A42}.Release_MBCS|x86.ActiveCfg = Release|Win32
		{2FE986C2-A5DA-46D2-81B1-360B71598A42}.Release_MBCS|x86.Build.0 = Release|Win32
		{2FE986C2-A5DA-46D2-81B1-360B71598A42}.Release|Any CPU.ActiveCfg = Release|Win32
		{2FE986C2-A5DA-46D2-81B1-360B71598A42}.Release|x64.ActiveCfg = Release|x64
		{2FE986C2-A5DA-46D2-81B1-360B71598A42}.Release|x64.Build.0 = Release|x64
		{2FE986C2-A5DA-46D2-81B1-360B71598A42}.Release|x86.ActiveCfg = Release|Win32
		{2FE986C2-A5DA-46D2-81B1-360B71598A42}.Release|x86.Build.0 = Release|Win32
		{E8A3F6FA-AE1C-4C8E-A0B6-9C8480324EAA}.Debug_MBCS|Any CPU.ActiveCfg = Debug_MBCS|Win32
		{E8A3F6FA-AE1C-4C8E-A0B6-9C8480324EAA}.Debug_MBCS|x64.ActiveCfg = Debug_MBCS|x64
		{E8A3F6FA-AE1C-4C8E-A0B6-9C8480324EAA}.Debug_MBCS|x64.Build.0 = Debug_MBCS|x64
		{E8A3F6FA-AE1C-4C8E-A0B6-9C8480324EAA}.Debug_MBCS|x86.ActiveCfg = Debug_MBCS|Win32
		{E8A3F6FA-AE1C-4C8E-A0B6-9C8480324EAA}.Debug_MBCS|x86.Build.0 = Debug_MBCS|Win32
		{E8A3F6FA-AE1C-4C8E-A0B6-9C8480324EAA}.Debug|Any CPU.ActiveCfg = Debug|Win32
		{E8A3F6FA-AE1C-4C8E-A0B6-9C8480324EAA}.Debug|x64.ActiveCfg = Debug|x64
		{E8A3F6FA-AE1C-4C8E-A0B6-9C8480324EAA}.Debug|x64.Build.0 = Debug|x64
		{E8A3F6FA-AE1C-4C8E-A0B6-9C8480324EAA}.Debug|x86.ActiveCfg = Debug|Win32
		{E8A3F6FA-AE1C-4C8E-A0B6-9C8480324EAA}.Debug|x86.Build.0 = Debug|Win32
		{E8A3F6FA-AE1C-4C8E-A0B6-9C8480324EAA}.Release_MBCS|Any CPU.ActiveCfg = Release_MBCS|Win32
		{E8A3F6FA-AE1C-4C8E-A0B6-9C8480324EAA}.Release_MBCS|x64.ActiveCfg = Release_MBCS|x64
		{E8A3F6FA-AE1C-4C8E-A0B6-9C8480324EAA}.Release_MBCS|x64.Build.0 = Release_MBCS|x64
		{E8A3F6FA-AE1C-4C8E-A0B6-9C8480324EAA}.Release_MBCS|x86.ActiveCfg = Release_MBCS|Win32
		{E8A3F6FA-AE1C-4C8E-A0B6-9C8480324EAA}.Release_MBCS|x86.Build.0 = Release_MBCS|Win32
		{E8A3F6FA-AE1C-4C8E-A0B6-9C8480324EAA}.Release|Any CPU.ActiveCfg = Release|Win32
		{E8A3F6FA-AE1C-4C8E-A0B6-9C8480324EAA}.Release|x64.ActiveCfg = Release|x64
		{E8A3F6FA-AE1C-4C8E-A0B6-9C8480324EAA}.Release|x64.Build.0 = Release|x64
		{E8A3F6FA-AE1C-4C8E-A0B6-9C8480324EAA}.Release|x86.ActiveCfg = Release|Win32
		{E8A3F6FA-AE1C-4C8E-A0B6-9C8480324EAA}.Release|x86.Build.0 = Release|Win32
		{31C5D980-7EDF-4365-997D-F83B937343DA}.Debug_MBCS|Any CPU.ActiveCfg = Debug|Any CPU
		{31C5D980-7EDF-4365-997D-F83B937343DA}.Debug_MBCS|Any CPU.Build.0 = Debug|Any CPU
		{31C5D980-7EDF-4365-997D-F83B937343DA}.Debug_MBCS|x64.ActiveCfg = Debug|Any CPU
		{31C5D980-7EDF-4365-997D-F83B937343DA}.Debug_MBCS|x64.Build.0 = Debug|Any CPU
		{31C5D980-7EDF-4365-997D-F83B937343DA}.Debug_MBCS|x86.ActiveCfg = Debug|Any CPU
		{31C5D980-7EDF-4365-997D-F83B937343DA}.Debug_MBCS|x86.Build.0 = Debug|Any CPU
		{31C5D980-7EDF-4365-997D-F83B937343DA}.Debug|Any CPU.ActiveCfg = Debug|Any CPU
		{31C5D980-7EDF-4365-997D-F83B937343DA}.Debug|Any CPU.Build.0 = Debug|Any CPU
		{31C5D980-7EDF-4365-997D-F83B937343DA}.Debug|x64.ActiveCfg = Debug|Any CPU
		{31C5D980-7EDF-4365-997D-F83B937343DA}.Debug|x64.Build.0 = Debug|Any CPU
		{31C5D980-7EDF-4365-997D-F83B937343DA}.Debug|x86.ActiveCfg = Debug|Any CPU
		{31C5D980-7EDF-4365-997D-F83B937343DA}.Debug|x86.Build.0 = Debug|Any CPU
		{31C5D980-7EDF-4365-997D-F83B937343DA}.Release_MBCS|Any CPU.ActiveCfg = Release|Any CPU
		{31C5D980-7EDF-4365-997D-F83B937343DA}.Release_MBCS|Any CPU.Build.0 = Release|Any CPU
		{31C5D980-7EDF-4365-997D-F83B937343DA}.Release_MBCS|x64.ActiveCfg = Release|Any CPU
		{31C5D980-7EDF-4365-997D-F83B937343DA}.Release_MBCS|x64.Build.0 = Release|Any CPU
		{31C5D980-7EDF-4365-997D-F83B937343DA}.Release_MBCS|x86.ActiveCfg = Release|Any CPU
		{31C5D980-7EDF-4365-997D-F83B937343DA}.Release_MBCS|x86.Build.0 = Release|Any CPU
		{31C5D980-7EDF-4365-997D-F83B937343DA}.Release|Any CPU.ActiveCfg = Release|Any CPU
		{31C5D980-7EDF-4365-997D-F83B937343DA}.Release|Any CPU.Build.0 = Release|Any CPU
		{31C5D980-7EDF-4365-997D-F83B937343DA}.Release|x64.ActiveCfg = Release|Any CPU
		{31C5D980-7EDF-4365-997D-F83B937343DA}.Release|x64.Build.0 = Release|Any CPU
		{31C5D980-7EDF-4365-997D-F83B937343DA}.Release|x86.ActiveCfg = Release|Any CPU
		{31C5D980-7EDF-4365-997D-F83B937343DA}.Release|x86.Build.0 = Release|Any CPU
	EndGlobalSection
	GlobalSection(SolutionProperties) = preSolution
		HideSolutionNode = FALSE
	EndGlobalSection
EndGlobal
